// !$*UTF8*$!
{
	archiveVersion = 1;
	classes = {
	};
	objectVersion = 51;
	objects = {

/* Begin PBXBuildFile section */
		1EBDBA8921543C0608CF38D4 /* Pods_AuthWithFirebaseTests.framework in Frameworks */ = {isa = PBXBuildFile; fileRef = DEC2D2582F5EE54E8A658FD1 /* Pods_AuthWithFirebaseTests.framework */; };
		66C227F97FFD42C62AB7F67D /* Pods_AuthWithFirebase_AuthWithFirebaseUITests.framework in Frameworks */ = {isa = PBXBuildFile; fileRef = 7C43E27B10DF3B6323DC2163 /* Pods_AuthWithFirebase_AuthWithFirebaseUITests.framework */; };
		A2568F8CD22E17FB879BE31D /* Pods_AuthWithFirebase.framework in Frameworks */ = {isa = PBXBuildFile; fileRef = 48030A884C022308207DBA6B /* Pods_AuthWithFirebase.framework */; };
		FA0DE196259DA62D006C7F78 /* AppDelegate.swift in Sources */ = {isa = PBXBuildFile; fileRef = FA0DE195259DA62D006C7F78 /* AppDelegate.swift */; };
		FA0DE198259DA62D006C7F78 /* SceneDelegate.swift in Sources */ = {isa = PBXBuildFile; fileRef = FA0DE197259DA62D006C7F78 /* SceneDelegate.swift */; };
		FA0DE19A259DA62D006C7F78 /* ViewController.swift in Sources */ = {isa = PBXBuildFile; fileRef = FA0DE199259DA62D006C7F78 /* ViewController.swift */; };
		FA0DE19D259DA62D006C7F78 /* Main.storyboard in Resources */ = {isa = PBXBuildFile; fileRef = FA0DE19B259DA62D006C7F78 /* Main.storyboard */; };
		FA0DE19F259DA630006C7F78 /* Assets.xcassets in Resources */ = {isa = PBXBuildFile; fileRef = FA0DE19E259DA630006C7F78 /* Assets.xcassets */; };
		FA0DE1A2259DA630006C7F78 /* LaunchScreen.storyboard in Resources */ = {isa = PBXBuildFile; fileRef = FA0DE1A0259DA630006C7F78 /* LaunchScreen.storyboard */; };
		FA0DE1AD259DA630006C7F78 /* AuthWithFirebaseTests.swift in Sources */ = {isa = PBXBuildFile; fileRef = FA0DE1AC259DA630006C7F78 /* AuthWithFirebaseTests.swift */; };
		FA0DE1B8259DA630006C7F78 /* AuthWithFirebaseUITests.swift in Sources */ = {isa = PBXBuildFile; fileRef = FA0DE1B7259DA630006C7F78 /* AuthWithFirebaseUITests.swift */; };
		FA0DE1C9259DA98C006C7F78 /* GoogleService-Info.plist in Resources */ = {isa = PBXBuildFile; fileRef = FA0DE1C8259DA98C006C7F78 /* GoogleService-Info.plist */; };
		FA417C76259DBB6C0074BCB3 /* AuthViewController.swift in Sources */ = {isa = PBXBuildFile; fileRef = FA417C75259DBB6C0074BCB3 /* AuthViewController.swift */; };
		FA417C7B259DBB8E0074BCB3 /* SignInViewController.swift in Sources */ = {isa = PBXBuildFile; fileRef = FA417C7A259DBB8D0074BCB3 /* SignInViewController.swift */; };
		FA417C80259DBBA50074BCB3 /* LoginViewController.swift in Sources */ = {isa = PBXBuildFile; fileRef = FA417C7F259DBBA50074BCB3 /* LoginViewController.swift */; };
		FA417C85259DBBBA0074BCB3 /* PageViewController.swift in Sources */ = {isa = PBXBuildFile; fileRef = FA417C84259DBBBA0074BCB3 /* PageViewController.swift */; };
/* End PBXBuildFile section */

/* Begin PBXContainerItemProxy section */
		FA0DE1A9259DA630006C7F78 /* PBXContainerItemProxy */ = {
			isa = PBXContainerItemProxy;
			containerPortal = FA0DE18A259DA62D006C7F78 /* Project object */;
			proxyType = 1;
			remoteGlobalIDString = FA0DE191259DA62D006C7F78;
			remoteInfo = AuthWithFirebase;
		};
		FA0DE1B4259DA630006C7F78 /* PBXContainerItemProxy */ = {
			isa = PBXContainerItemProxy;
			containerPortal = FA0DE18A259DA62D006C7F78 /* Project object */;
			proxyType = 1;
			remoteGlobalIDString = FA0DE191259DA62D006C7F78;
			remoteInfo = AuthWithFirebase;
		};
/* End PBXContainerItemProxy section */

/* Begin PBXFileReference section */
		0982FB91F125E284A79D45D3 /* Pods-AuthWithFirebaseTests.debug.xcconfig */ = {isa = PBXFileReference; includeInIndex = 1; lastKnownFileType = text.xcconfig; name = "Pods-AuthWithFirebaseTests.debug.xcconfig"; path = "Target Support Files/Pods-AuthWithFirebaseTests/Pods-AuthWithFirebaseTests.debug.xcconfig"; sourceTree = "<group>"; };
		27C04FA4F16DAEC519661306 /* Pods-AuthWithFirebase-AuthWithFirebaseUITests.release.xcconfig */ = {isa = PBXFileReference; includeInIndex = 1; lastKnownFileType = text.xcconfig; name = "Pods-AuthWithFirebase-AuthWithFirebaseUITests.release.xcconfig"; path = "Target Support Files/Pods-AuthWithFirebase-AuthWithFirebaseUITests/Pods-AuthWithFirebase-AuthWithFirebaseUITests.release.xcconfig"; sourceTree = "<group>"; };
		48030A884C022308207DBA6B /* Pods_AuthWithFirebase.framework */ = {isa = PBXFileReference; explicitFileType = wrapper.framework; includeInIndex = 0; path = Pods_AuthWithFirebase.framework; sourceTree = BUILT_PRODUCTS_DIR; };
		7C43E27B10DF3B6323DC2163 /* Pods_AuthWithFirebase_AuthWithFirebaseUITests.framework */ = {isa = PBXFileReference; explicitFileType = wrapper.framework; includeInIndex = 0; path = Pods_AuthWithFirebase_AuthWithFirebaseUITests.framework; sourceTree = BUILT_PRODUCTS_DIR; };
		9B614A2A60AC0B08E5469D2F /* Pods-AuthWithFirebase.debug.xcconfig */ = {isa = PBXFileReference; includeInIndex = 1; lastKnownFileType = text.xcconfig; name = "Pods-AuthWithFirebase.debug.xcconfig"; path = "Target Support Files/Pods-AuthWithFirebase/Pods-AuthWithFirebase.debug.xcconfig"; sourceTree = "<group>"; };
		A2656044DC0EDEA7D8C54BF2 /* Pods-AuthWithFirebase-AuthWithFirebaseUITests.debug.xcconfig */ = {isa = PBXFileReference; includeInIndex = 1; lastKnownFileType = text.xcconfig; name = "Pods-AuthWithFirebase-AuthWithFirebaseUITests.debug.xcconfig"; path = "Target Support Files/Pods-AuthWithFirebase-AuthWithFirebaseUITests/Pods-AuthWithFirebase-AuthWithFirebaseUITests.debug.xcconfig"; sourceTree = "<group>"; };
		BD62DB0CC3293012BDCFED8F /* Pods-AuthWithFirebaseTests.release.xcconfig */ = {isa = PBXFileReference; includeInIndex = 1; lastKnownFileType = text.xcconfig; name = "Pods-AuthWithFirebaseTests.release.xcconfig"; path = "Target Support Files/Pods-AuthWithFirebaseTests/Pods-AuthWithFirebaseTests.release.xcconfig"; sourceTree = "<group>"; };
		CD73F7219E0099B1BEC00C8A /* Pods-AuthWithFirebase.release.xcconfig */ = {isa = PBXFileReference; includeInIndex = 1; lastKnownFileType = text.xcconfig; name = "Pods-AuthWithFirebase.release.xcconfig"; path = "Target Support Files/Pods-AuthWithFirebase/Pods-AuthWithFirebase.release.xcconfig"; sourceTree = "<group>"; };
		DEC2D2582F5EE54E8A658FD1 /* Pods_AuthWithFirebaseTests.framework */ = {isa = PBXFileReference; explicitFileType = wrapper.framework; includeInIndex = 0; path = Pods_AuthWithFirebaseTests.framework; sourceTree = BUILT_PRODUCTS_DIR; };
		FA0DE192259DA62D006C7F78 /* AuthWithFirebase.app */ = {isa = PBXFileReference; explicitFileType = wrapper.application; includeInIndex = 0; path = AuthWithFirebase.app; sourceTree = BUILT_PRODUCTS_DIR; };
		FA0DE195259DA62D006C7F78 /* AppDelegate.swift */ = {isa = PBXFileReference; lastKnownFileType = sourcecode.swift; path = AppDelegate.swift; sourceTree = "<group>"; };
		FA0DE197259DA62D006C7F78 /* SceneDelegate.swift */ = {isa = PBXFileReference; lastKnownFileType = sourcecode.swift; path = SceneDelegate.swift; sourceTree = "<group>"; };
		FA0DE199259DA62D006C7F78 /* ViewController.swift */ = {isa = PBXFileReference; lastKnownFileType = sourcecode.swift; path = ViewController.swift; sourceTree = "<group>"; };
		FA0DE19C259DA62D006C7F78 /* Base */ = {isa = PBXFileReference; lastKnownFileType = file.storyboard; name = Base; path = Base.lproj/Main.storyboard; sourceTree = "<group>"; };
		FA0DE19E259DA630006C7F78 /* Assets.xcassets */ = {isa = PBXFileReference; lastKnownFileType = folder.assetcatalog; path = Assets.xcassets; sourceTree = "<group>"; };
		FA0DE1A1259DA630006C7F78 /* Base */ = {isa = PBXFileReference; lastKnownFileType = file.storyboard; name = Base; path = Base.lproj/LaunchScreen.storyboard; sourceTree = "<group>"; };
		FA0DE1A3259DA630006C7F78 /* Info.plist */ = {isa = PBXFileReference; lastKnownFileType = text.plist.xml; path = Info.plist; sourceTree = "<group>"; };
		FA0DE1A8259DA630006C7F78 /* AuthWithFirebaseTests.xctest */ = {isa = PBXFileReference; explicitFileType = wrapper.cfbundle; includeInIndex = 0; path = AuthWithFirebaseTests.xctest; sourceTree = BUILT_PRODUCTS_DIR; };
		FA0DE1AC259DA630006C7F78 /* AuthWithFirebaseTests.swift */ = {isa = PBXFileReference; lastKnownFileType = sourcecode.swift; path = AuthWithFirebaseTests.swift; sourceTree = "<group>"; };
		FA0DE1AE259DA630006C7F78 /* Info.plist */ = {isa = PBXFileReference; lastKnownFileType = text.plist.xml; path = Info.plist; sourceTree = "<group>"; };
		FA0DE1B3259DA630006C7F78 /* AuthWithFirebaseUITests.xctest */ = {isa = PBXFileReference; explicitFileType = wrapper.cfbundle; includeInIndex = 0; path = AuthWithFirebaseUITests.xctest; sourceTree = BUILT_PRODUCTS_DIR; };
		FA0DE1B7259DA630006C7F78 /* AuthWithFirebaseUITests.swift */ = {isa = PBXFileReference; lastKnownFileType = sourcecode.swift; path = AuthWithFirebaseUITests.swift; sourceTree = "<group>"; };
		FA0DE1B9259DA630006C7F78 /* Info.plist */ = {isa = PBXFileReference; lastKnownFileType = text.plist.xml; path = Info.plist; sourceTree = "<group>"; };
		FA0DE1C8259DA98C006C7F78 /* GoogleService-Info.plist */ = {isa = PBXFileReference; fileEncoding = 4; lastKnownFileType = text.plist.xml; path = "GoogleService-Info.plist"; sourceTree = "<group>"; };
		FA417C75259DBB6C0074BCB3 /* AuthViewController.swift */ = {isa = PBXFileReference; lastKnownFileType = sourcecode.swift; path = AuthViewController.swift; sourceTree = "<group>"; };
		FA417C7A259DBB8D0074BCB3 /* SignInViewController.swift */ = {isa = PBXFileReference; lastKnownFileType = sourcecode.swift; path = SignInViewController.swift; sourceTree = "<group>"; };
		FA417C7F259DBBA50074BCB3 /* LoginViewController.swift */ = {isa = PBXFileReference; lastKnownFileType = sourcecode.swift; path = LoginViewController.swift; sourceTree = "<group>"; };
		FA417C84259DBBBA0074BCB3 /* PageViewController.swift */ = {isa = PBXFileReference; lastKnownFileType = sourcecode.swift; path = PageViewController.swift; sourceTree = "<group>"; };
/* End PBXFileReference section */

/* Begin PBXFrameworksBuildPhase section */
		FA0DE18F259DA62D006C7F78 /* Frameworks */ = {
			isa = PBXFrameworksBuildPhase;
			buildActionMask = 2147483647;
			files = (
				A2568F8CD22E17FB879BE31D /* Pods_AuthWithFirebase.framework in Frameworks */,
			);
			runOnlyForDeploymentPostprocessing = 0;
		};
		FA0DE1A5259DA630006C7F78 /* Frameworks */ = {
			isa = PBXFrameworksBuildPhase;
			buildActionMask = 2147483647;
			files = (
				1EBDBA8921543C0608CF38D4 /* Pods_AuthWithFirebaseTests.framework in Frameworks */,
			);
			runOnlyForDeploymentPostprocessing = 0;
		};
		FA0DE1B0259DA630006C7F78 /* Frameworks */ = {
			isa = PBXFrameworksBuildPhase;
			buildActionMask = 2147483647;
			files = (
				66C227F97FFD42C62AB7F67D /* Pods_AuthWithFirebase_AuthWithFirebaseUITests.framework in Frameworks */,
			);
			runOnlyForDeploymentPostprocessing = 0;
		};
/* End PBXFrameworksBuildPhase section */

/* Begin PBXGroup section */
		ABDCC74F7904684CACA13C57 /* Frameworks */ = {
			isa = PBXGroup;
			children = (
				48030A884C022308207DBA6B /* Pods_AuthWithFirebase.framework */,
				7C43E27B10DF3B6323DC2163 /* Pods_AuthWithFirebase_AuthWithFirebaseUITests.framework */,
				DEC2D2582F5EE54E8A658FD1 /* Pods_AuthWithFirebaseTests.framework */,
			);
			name = Frameworks;
			sourceTree = "<group>";
		};
		CC74069EA2BCAF9AB51E84E3 /* Pods */ = {
			isa = PBXGroup;
			children = (
				9B614A2A60AC0B08E5469D2F /* Pods-AuthWithFirebase.debug.xcconfig */,
				CD73F7219E0099B1BEC00C8A /* Pods-AuthWithFirebase.release.xcconfig */,
				A2656044DC0EDEA7D8C54BF2 /* Pods-AuthWithFirebase-AuthWithFirebaseUITests.debug.xcconfig */,
				27C04FA4F16DAEC519661306 /* Pods-AuthWithFirebase-AuthWithFirebaseUITests.release.xcconfig */,
				0982FB91F125E284A79D45D3 /* Pods-AuthWithFirebaseTests.debug.xcconfig */,
				BD62DB0CC3293012BDCFED8F /* Pods-AuthWithFirebaseTests.release.xcconfig */,
			);
			path = Pods;
			sourceTree = "<group>";
		};
		FA0DE189259DA62D006C7F78 = {
			isa = PBXGroup;
			children = (
				FA0DE194259DA62D006C7F78 /* AuthWithFirebase */,
				FA0DE1AB259DA630006C7F78 /* AuthWithFirebaseTests */,
				FA0DE1B6259DA630006C7F78 /* AuthWithFirebaseUITests */,
				FA0DE193259DA62D006C7F78 /* Products */,
				CC74069EA2BCAF9AB51E84E3 /* Pods */,
				ABDCC74F7904684CACA13C57 /* Frameworks */,
			);
			sourceTree = "<group>";
		};
		FA0DE193259DA62D006C7F78 /* Products */ = {
			isa = PBXGroup;
			children = (
				FA0DE192259DA62D006C7F78 /* AuthWithFirebase.app */,
				FA0DE1A8259DA630006C7F78 /* AuthWithFirebaseTests.xctest */,
				FA0DE1B3259DA630006C7F78 /* AuthWithFirebaseUITests.xctest */,
			);
			name = Products;
			sourceTree = "<group>";
		};
		FA0DE194259DA62D006C7F78 /* AuthWithFirebase */ = {
			isa = PBXGroup;
			children = (
				FA0DE195259DA62D006C7F78 /* AppDelegate.swift */,
				FA0DE197259DA62D006C7F78 /* SceneDelegate.swift */,
				FA0DE199259DA62D006C7F78 /* ViewController.swift */,
				FA0DE1C8259DA98C006C7F78 /* GoogleService-Info.plist */,
				FA0DE19B259DA62D006C7F78 /* Main.storyboard */,
				FA417C75259DBB6C0074BCB3 /* AuthViewController.swift */,
				FA417C7A259DBB8D0074BCB3 /* SignInViewController.swift */,
				FA417C7F259DBBA50074BCB3 /* LoginViewController.swift */,
				FA417C84259DBBBA0074BCB3 /* PageViewController.swift */,
				FA0DE19E259DA630006C7F78 /* Assets.xcassets */,
				FA0DE1A0259DA630006C7F78 /* LaunchScreen.storyboard */,
				FA0DE1A3259DA630006C7F78 /* Info.plist */,
			);
			path = AuthWithFirebase;
			sourceTree = "<group>";
		};
		FA0DE1AB259DA630006C7F78 /* AuthWithFirebaseTests */ = {
			isa = PBXGroup;
			children = (
				FA0DE1AC259DA630006C7F78 /* AuthWithFirebaseTests.swift */,
				FA0DE1AE259DA630006C7F78 /* Info.plist */,
			);
			path = AuthWithFirebaseTests;
			sourceTree = "<group>";
		};
		FA0DE1B6259DA630006C7F78 /* AuthWithFirebaseUITests */ = {
			isa = PBXGroup;
			children = (
				FA0DE1B7259DA630006C7F78 /* AuthWithFirebaseUITests.swift */,
				FA0DE1B9259DA630006C7F78 /* Info.plist */,
			);
			path = AuthWithFirebaseUITests;
			sourceTree = "<group>";
		};
/* End PBXGroup section */

/* Begin PBXNativeTarget section */
		FA0DE191259DA62D006C7F78 /* AuthWithFirebase */ = {
			isa = PBXNativeTarget;
			buildConfigurationList = FA0DE1BC259DA630006C7F78 /* Build configuration list for PBXNativeTarget "AuthWithFirebase" */;
			buildPhases = (
				9FDC8E4A93D9863A4539CC6E /* [CP] Check Pods Manifest.lock */,
				FA0DE18E259DA62D006C7F78 /* Sources */,
				FA0DE18F259DA62D006C7F78 /* Frameworks */,
				FA0DE190259DA62D006C7F78 /* Resources */,
				904C80ADFABC5288CC8FE0C6 /* [CP] Embed Pods Frameworks */,
			);
			buildRules = (
			);
			dependencies = (
			);
			name = AuthWithFirebase;
			productName = AuthWithFirebase;
			productReference = FA0DE192259DA62D006C7F78 /* AuthWithFirebase.app */;
			productType = "com.apple.product-type.application";
		};
		FA0DE1A7259DA630006C7F78 /* AuthWithFirebaseTests */ = {
			isa = PBXNativeTarget;
			buildConfigurationList = FA0DE1BF259DA630006C7F78 /* Build configuration list for PBXNativeTarget "AuthWithFirebaseTests" */;
			buildPhases = (
				EF0A97B0A4315571B0D42A1D /* [CP] Check Pods Manifest.lock */,
				FA0DE1A4259DA630006C7F78 /* Sources */,
				FA0DE1A5259DA630006C7F78 /* Frameworks */,
				FA0DE1A6259DA630006C7F78 /* Resources */,
			);
			buildRules = (
			);
			dependencies = (
				FA0DE1AA259DA630006C7F78 /* PBXTargetDependency */,
			);
			name = AuthWithFirebaseTests;
			productName = AuthWithFirebaseTests;
			productReference = FA0DE1A8259DA630006C7F78 /* AuthWithFirebaseTests.xctest */;
			productType = "com.apple.product-type.bundle.unit-test";
		};
		FA0DE1B2259DA630006C7F78 /* AuthWithFirebaseUITests */ = {
			isa = PBXNativeTarget;
			buildConfigurationList = FA0DE1C2259DA630006C7F78 /* Build configuration list for PBXNativeTarget "AuthWithFirebaseUITests" */;
			buildPhases = (
				FFC6EABFF36B4040545B5843 /* [CP] Check Pods Manifest.lock */,
				FA0DE1AF259DA630006C7F78 /* Sources */,
				FA0DE1B0259DA630006C7F78 /* Frameworks */,
				FA0DE1B1259DA630006C7F78 /* Resources */,
				82BFE2A77958D712B3B4D456 /* [CP] Embed Pods Frameworks */,
			);
			buildRules = (
			);
			dependencies = (
				FA0DE1B5259DA630006C7F78 /* PBXTargetDependency */,
			);
			name = AuthWithFirebaseUITests;
			productName = AuthWithFirebaseUITests;
			productReference = FA0DE1B3259DA630006C7F78 /* AuthWithFirebaseUITests.xctest */;
			productType = "com.apple.product-type.bundle.ui-testing";
		};
/* End PBXNativeTarget section */

/* Begin PBXProject section */
		FA0DE18A259DA62D006C7F78 /* Project object */ = {
			isa = PBXProject;
			attributes = {
				LastSwiftUpdateCheck = 1220;
				LastUpgradeCheck = 1220;
				TargetAttributes = {
					FA0DE191259DA62D006C7F78 = {
						CreatedOnToolsVersion = 12.2;
					};
					FA0DE1A7259DA630006C7F78 = {
						CreatedOnToolsVersion = 12.2;
						TestTargetID = FA0DE191259DA62D006C7F78;
					};
					FA0DE1B2259DA630006C7F78 = {
						CreatedOnToolsVersion = 12.2;
						TestTargetID = FA0DE191259DA62D006C7F78;
					};
				};
			};
			buildConfigurationList = FA0DE18D259DA62D006C7F78 /* Build configuration list for PBXProject "AuthWithFirebase" */;
			compatibilityVersion = "Xcode 9.3";
			developmentRegion = en;
			hasScannedForEncodings = 0;
			knownRegions = (
				en,
				Base,
			);
			mainGroup = FA0DE189259DA62D006C7F78;
			productRefGroup = FA0DE193259DA62D006C7F78 /* Products */;
			projectDirPath = "";
			projectRoot = "";
			targets = (
				FA0DE191259DA62D006C7F78 /* AuthWithFirebase */,
				FA0DE1A7259DA630006C7F78 /* AuthWithFirebaseTests */,
				FA0DE1B2259DA630006C7F78 /* AuthWithFirebaseUITests */,
			);
		};
/* End PBXProject section */

/* Begin PBXResourcesBuildPhase section */
		FA0DE190259DA62D006C7F78 /* Resources */ = {
			isa = PBXResourcesBuildPhase;
			buildActionMask = 2147483647;
			files = (
				FA0DE1A2259DA630006C7F78 /* LaunchScreen.storyboard in Resources */,
				FA0DE1C9259DA98C006C7F78 /* GoogleService-Info.plist in Resources */,
				FA0DE19F259DA630006C7F78 /* Assets.xcassets in Resources */,
				FA0DE19D259DA62D006C7F78 /* Main.storyboard in Resources */,
			);
			runOnlyForDeploymentPostprocessing = 0;
		};
		FA0DE1A6259DA630006C7F78 /* Resources */ = {
			isa = PBXResourcesBuildPhase;
			buildActionMask = 2147483647;
			files = (
			);
			runOnlyForDeploymentPostprocessing = 0;
		};
		FA0DE1B1259DA630006C7F78 /* Resources */ = {
			isa = PBXResourcesBuildPhase;
			buildActionMask = 2147483647;
			files = (
			);
			runOnlyForDeploymentPostprocessing = 0;
		};
/* End PBXResourcesBuildPhase section */

/* Begin PBXShellScriptBuildPhase section */
		82BFE2A77958D712B3B4D456 /* [CP] Embed Pods Frameworks */ = {
			isa = PBXShellScriptBuildPhase;
			buildActionMask = 2147483647;
			files = (
			);
			inputFileListPaths = (
				"${PODS_ROOT}/Target Support Files/Pods-AuthWithFirebase-AuthWithFirebaseUITests/Pods-AuthWithFirebase-AuthWithFirebaseUITests-frameworks-${CONFIGURATION}-input-files.xcfilelist",
			);
			name = "[CP] Embed Pods Frameworks";
			outputFileListPaths = (
				"${PODS_ROOT}/Target Support Files/Pods-AuthWithFirebase-AuthWithFirebaseUITests/Pods-AuthWithFirebase-AuthWithFirebaseUITests-frameworks-${CONFIGURATION}-output-files.xcfilelist",
			);
			runOnlyForDeploymentPostprocessing = 0;
			shellPath = /bin/sh;
			shellScript = "\"${PODS_ROOT}/Target Support Files/Pods-AuthWithFirebase-AuthWithFirebaseUITests/Pods-AuthWithFirebase-AuthWithFirebaseUITests-frameworks.sh\"\n";
			showEnvVarsInLog = 0;
		};
		904C80ADFABC5288CC8FE0C6 /* [CP] Embed Pods Frameworks */ = {
			isa = PBXShellScriptBuildPhase;
			buildActionMask = 2147483647;
			files = (
			);
			inputFileListPaths = (
				"${PODS_ROOT}/Target Support Files/Pods-AuthWithFirebase/Pods-AuthWithFirebase-frameworks-${CONFIGURATION}-input-files.xcfilelist",
			);
			name = "[CP] Embed Pods Frameworks";
			outputFileListPaths = (
				"${PODS_ROOT}/Target Support Files/Pods-AuthWithFirebase/Pods-AuthWithFirebase-frameworks-${CONFIGURATION}-output-files.xcfilelist",
			);
			runOnlyForDeploymentPostprocessing = 0;
			shellPath = /bin/sh;
			shellScript = "\"${PODS_ROOT}/Target Support Files/Pods-AuthWithFirebase/Pods-AuthWithFirebase-frameworks.sh\"\n";
			showEnvVarsInLog = 0;
		};
		9FDC8E4A93D9863A4539CC6E /* [CP] Check Pods Manifest.lock */ = {
			isa = PBXShellScriptBuildPhase;
			buildActionMask = 2147483647;
			files = (
			);
			inputFileListPaths = (
			);
			inputPaths = (
				"${PODS_PODFILE_DIR_PATH}/Podfile.lock",
				"${PODS_ROOT}/Manifest.lock",
			);
			name = "[CP] Check Pods Manifest.lock";
			outputFileListPaths = (
			);
			outputPaths = (
				"$(DERIVED_FILE_DIR)/Pods-AuthWithFirebase-checkManifestLockResult.txt",
			);
			runOnlyForDeploymentPostprocessing = 0;
			shellPath = /bin/sh;
			shellScript = "diff \"${PODS_PODFILE_DIR_PATH}/Podfile.lock\" \"${PODS_ROOT}/Manifest.lock\" > /dev/null\nif [ $? != 0 ] ; then\n    # print error to STDERR\n    echo \"error: The sandbox is not in sync with the Podfile.lock. Run 'pod install' or update your CocoaPods installation.\" >&2\n    exit 1\nfi\n# This output is used by Xcode 'outputs' to avoid re-running this script phase.\necho \"SUCCESS\" > \"${SCRIPT_OUTPUT_FILE_0}\"\n";
			showEnvVarsInLog = 0;
		};
		EF0A97B0A4315571B0D42A1D /* [CP] Check Pods Manifest.lock */ = {
			isa = PBXShellScriptBuildPhase;
			buildActionMask = 2147483647;
			files = (
			);
			inputFileListPaths = (
			);
			inputPaths = (
				"${PODS_PODFILE_DIR_PATH}/Podfile.lock",
				"${PODS_ROOT}/Manifest.lock",
			);
			name = "[CP] Check Pods Manifest.lock";
			outputFileListPaths = (
			);
			outputPaths = (
				"$(DERIVED_FILE_DIR)/Pods-AuthWithFirebaseTests-checkManifestLockResult.txt",
			);
			runOnlyForDeploymentPostprocessing = 0;
			shellPath = /bin/sh;
			shellScript = "diff \"${PODS_PODFILE_DIR_PATH}/Podfile.lock\" \"${PODS_ROOT}/Manifest.lock\" > /dev/null\nif [ $? != 0 ] ; then\n    # print error to STDERR\n    echo \"error: The sandbox is not in sync with the Podfile.lock. Run 'pod install' or update your CocoaPods installation.\" >&2\n    exit 1\nfi\n# This output is used by Xcode 'outputs' to avoid re-running this script phase.\necho \"SUCCESS\" > \"${SCRIPT_OUTPUT_FILE_0}\"\n";
			showEnvVarsInLog = 0;
		};
		FFC6EABFF36B4040545B5843 /* [CP] Check Pods Manifest.lock */ = {
			isa = PBXShellScriptBuildPhase;
			buildActionMask = 2147483647;
			files = (
			);
			inputFileListPaths = (
			);
			inputPaths = (
				"${PODS_PODFILE_DIR_PATH}/Podfile.lock",
				"${PODS_ROOT}/Manifest.lock",
			);
			name = "[CP] Check Pods Manifest.lock";
			outputFileListPaths = (
			);
			outputPaths = (
				"$(DERIVED_FILE_DIR)/Pods-AuthWithFirebase-AuthWithFirebaseUITests-checkManifestLockResult.txt",
			);
			runOnlyForDeploymentPostprocessing = 0;
			shellPath = /bin/sh;
			shellScript = "diff \"${PODS_PODFILE_DIR_PATH}/Podfile.lock\" \"${PODS_ROOT}/Manifest.lock\" > /dev/null\nif [ $? != 0 ] ; then\n    # print error to STDERR\n    echo \"error: The sandbox is not in sync with the Podfile.lock. Run 'pod install' or update your CocoaPods installation.\" >&2\n    exit 1\nfi\n# This output is used by Xcode 'outputs' to avoid re-running this script phase.\necho \"SUCCESS\" > \"${SCRIPT_OUTPUT_FILE_0}\"\n";
			showEnvVarsInLog = 0;
		};
/* End PBXShellScriptBuildPhase section */

/* Begin PBXSourcesBuildPhase section */
		FA0DE18E259DA62D006C7F78 /* Sources */ = {
			isa = PBXSourcesBuildPhase;
			buildActionMask = 2147483647;
			files = (
				FA417C80259DBBA50074BCB3 /* LoginViewController.swift in Sources */,
				FA417C85259DBBBA0074BCB3 /* PageViewController.swift in Sources */,
				FA417C76259DBB6C0074BCB3 /* AuthViewController.swift in Sources */,
				FA0DE19A259DA62D006C7F78 /* ViewController.swift in Sources */,
				FA0DE196259DA62D006C7F78 /* AppDelegate.swift in Sources */,
				FA417C7B259DBB8E0074BCB3 /* SignInViewController.swift in Sources */,
				FA0DE198259DA62D006C7F78 /* SceneDelegate.swift in Sources */,
			);
			runOnlyForDeploymentPostprocessing = 0;
		};
		FA0DE1A4259DA630006C7F78 /* Sources */ = {
			isa = PBXSourcesBuildPhase;
			buildActionMask = 2147483647;
			files = (
				FA0DE1AD259DA630006C7F78 /* AuthWithFirebaseTests.swift in Sources */,
			);
			runOnlyForDeploymentPostprocessing = 0;
		};
		FA0DE1AF259DA630006C7F78 /* Sources */ = {
			isa = PBXSourcesBuildPhase;
			buildActionMask = 2147483647;
			files = (
				FA0DE1B8259DA630006C7F78 /* AuthWithFirebaseUITests.swift in Sources */,
			);
			runOnlyForDeploymentPostprocessing = 0;
		};
/* End PBXSourcesBuildPhase section */

/* Begin PBXTargetDependency section */
		FA0DE1AA259DA630006C7F78 /* PBXTargetDependency */ = {
			isa = PBXTargetDependency;
			target = FA0DE191259DA62D006C7F78 /* AuthWithFirebase */;
			targetProxy = FA0DE1A9259DA630006C7F78 /* PBXContainerItemProxy */;
		};
		FA0DE1B5259DA630006C7F78 /* PBXTargetDependency */ = {
			isa = PBXTargetDependency;
			target = FA0DE191259DA62D006C7F78 /* AuthWithFirebase */;
			targetProxy = FA0DE1B4259DA630006C7F78 /* PBXContainerItemProxy */;
		};
/* End PBXTargetDependency section */

/* Begin PBXVariantGroup section */
		FA0DE19B259DA62D006C7F78 /* Main.storyboard */ = {
			isa = PBXVariantGroup;
			children = (
				FA0DE19C259DA62D006C7F78 /* Base */,
			);
			name = Main.storyboard;
			sourceTree = "<group>";
		};
		FA0DE1A0259DA630006C7F78 /* LaunchScreen.storyboard */ = {
			isa = PBXVariantGroup;
			children = (
				FA0DE1A1259DA630006C7F78 /* Base */,
			);
			name = LaunchScreen.storyboard;
			sourceTree = "<group>";
		};
/* End PBXVariantGroup section */

/* Begin XCBuildConfiguration section */
		FA0DE1BA259DA630006C7F78 /* Debug */ = {
			isa = XCBuildConfiguration;
			buildSettings = {
				ALWAYS_SEARCH_USER_PATHS = NO;
				CLANG_ANALYZER_NONNULL = YES;
				CLANG_ANALYZER_NUMBER_OBJECT_CONVERSION = YES_AGGRESSIVE;
				CLANG_CXX_LANGUAGE_STANDARD = "gnu++14";
				CLANG_CXX_LIBRARY = "libc++";
				CLANG_ENABLE_MODULES = YES;
				CLANG_ENABLE_OBJC_ARC = YES;
				CLANG_ENABLE_OBJC_WEAK = YES;
				CLANG_WARN_BLOCK_CAPTURE_AUTORELEASING = YES;
				CLANG_WARN_BOOL_CONVERSION = YES;
				CLANG_WARN_COMMA = YES;
				CLANG_WARN_CONSTANT_CONVERSION = YES;
				CLANG_WARN_DEPRECATED_OBJC_IMPLEMENTATIONS = YES;
				CLANG_WARN_DIRECT_OBJC_ISA_USAGE = YES_ERROR;
				CLANG_WARN_DOCUMENTATION_COMMENTS = YES;
				CLANG_WARN_EMPTY_BODY = YES;
				CLANG_WARN_ENUM_CONVERSION = YES;
				CLANG_WARN_INFINITE_RECURSION = YES;
				CLANG_WARN_INT_CONVERSION = YES;
				CLANG_WARN_NON_LITERAL_NULL_CONVERSION = YES;
				CLANG_WARN_OBJC_IMPLICIT_RETAIN_SELF = YES;
				CLANG_WARN_OBJC_LITERAL_CONVERSION = YES;
				CLANG_WARN_OBJC_ROOT_CLASS = YES_ERROR;
				CLANG_WARN_QUOTED_INCLUDE_IN_FRAMEWORK_HEADER = YES;
				CLANG_WARN_RANGE_LOOP_ANALYSIS = YES;
				CLANG_WARN_STRICT_PROTOTYPES = YES;
				CLANG_WARN_SUSPICIOUS_MOVE = YES;
				CLANG_WARN_UNGUARDED_AVAILABILITY = YES_AGGRESSIVE;
				CLANG_WARN_UNREACHABLE_CODE = YES;
				CLANG_WARN__DUPLICATE_METHOD_MATCH = YES;
				COPY_PHASE_STRIP = NO;
				DEBUG_INFORMATION_FORMAT = dwarf;
				ENABLE_STRICT_OBJC_MSGSEND = YES;
				ENABLE_TESTABILITY = YES;
				GCC_C_LANGUAGE_STANDARD = gnu11;
				GCC_DYNAMIC_NO_PIC = NO;
				GCC_NO_COMMON_BLOCKS = YES;
				GCC_OPTIMIZATION_LEVEL = 0;
				GCC_PREPROCESSOR_DEFINITIONS = (
					"DEBUG=1",
					"$(inherited)",
				);
				GCC_WARN_64_TO_32_BIT_CONVERSION = YES;
				GCC_WARN_ABOUT_RETURN_TYPE = YES_ERROR;
				GCC_WARN_UNDECLARED_SELECTOR = YES;
				GCC_WARN_UNINITIALIZED_AUTOS = YES_AGGRESSIVE;
				GCC_WARN_UNUSED_FUNCTION = YES;
				GCC_WARN_UNUSED_VARIABLE = YES;
				IPHONEOS_DEPLOYMENT_TARGET = 14.2;
				MTL_ENABLE_DEBUG_INFO = INCLUDE_SOURCE;
				MTL_FAST_MATH = YES;
				ONLY_ACTIVE_ARCH = YES;
				SDKROOT = iphoneos;
				SWIFT_ACTIVE_COMPILATION_CONDITIONS = DEBUG;
				SWIFT_OPTIMIZATION_LEVEL = "-Onone";
			};
			name = Debug;
		};
		FA0DE1BB259DA630006C7F78 /* Release */ = {
			isa = XCBuildConfiguration;
			buildSettings = {
				ALWAYS_SEARCH_USER_PATHS = NO;
				CLANG_ANALYZER_NONNULL = YES;
				CLANG_ANALYZER_NUMBER_OBJECT_CONVERSION = YES_AGGRESSIVE;
				CLANG_CXX_LANGUAGE_STANDARD = "gnu++14";
				CLANG_CXX_LIBRARY = "libc++";
				CLANG_ENABLE_MODULES = YES;
				CLANG_ENABLE_OBJC_ARC = YES;
				CLANG_ENABLE_OBJC_WEAK = YES;
				CLANG_WARN_BLOCK_CAPTURE_AUTORELEASING = YES;
				CLANG_WARN_BOOL_CONVERSION = YES;
				CLANG_WARN_COMMA = YES;
				CLANG_WARN_CONSTANT_CONVERSION = YES;
				CLANG_WARN_DEPRECATED_OBJC_IMPLEMENTATIONS = YES;
				CLANG_WARN_DIRECT_OBJC_ISA_USAGE = YES_ERROR;
				CLANG_WARN_DOCUMENTATION_COMMENTS = YES;
				CLANG_WARN_EMPTY_BODY = YES;
				CLANG_WARN_ENUM_CONVERSION = YES;
				CLANG_WARN_INFINITE_RECURSION = YES;
				CLANG_WARN_INT_CONVERSION = YES;
				CLANG_WARN_NON_LITERAL_NULL_CONVERSION = YES;
				CLANG_WARN_OBJC_IMPLICIT_RETAIN_SELF = YES;
				CLANG_WARN_OBJC_LITERAL_CONVERSION = YES;
				CLANG_WARN_OBJC_ROOT_CLASS = YES_ERROR;
				CLANG_WARN_QUOTED_INCLUDE_IN_FRAMEWORK_HEADER = YES;
				CLANG_WARN_RANGE_LOOP_ANALYSIS = YES;
				CLANG_WARN_STRICT_PROTOTYPES = YES;
				CLANG_WARN_SUSPICIOUS_MOVE = YES;
				CLANG_WARN_UNGUARDED_AVAILABILITY = YES_AGGRESSIVE;
				CLANG_WARN_UNREACHABLE_CODE = YES;
				CLANG_WARN__DUPLICATE_METHOD_MATCH = YES;
				COPY_PHASE_STRIP = NO;
				DEBUG_INFORMATION_FORMAT = "dwarf-with-dsym";
				ENABLE_NS_ASSERTIONS = NO;
				ENABLE_STRICT_OBJC_MSGSEND = YES;
				GCC_C_LANGUAGE_STANDARD = gnu11;
				GCC_NO_COMMON_BLOCKS = YES;
				GCC_WARN_64_TO_32_BIT_CONVERSION = YES;
				GCC_WARN_ABOUT_RETURN_TYPE = YES_ERROR;
				GCC_WARN_UNDECLARED_SELECTOR = YES;
				GCC_WARN_UNINITIALIZED_AUTOS = YES_AGGRESSIVE;
				GCC_WARN_UNUSED_FUNCTION = YES;
				GCC_WARN_UNUSED_VARIABLE = YES;
				IPHONEOS_DEPLOYMENT_TARGET = 14.2;
				MTL_ENABLE_DEBUG_INFO = NO;
				MTL_FAST_MATH = YES;
				SDKROOT = iphoneos;
				SWIFT_COMPILATION_MODE = wholemodule;
				SWIFT_OPTIMIZATION_LEVEL = "-O";
				VALIDATE_PRODUCT = YES;
			};
			name = Release;
		};
		FA0DE1BD259DA630006C7F78 /* Debug */ = {
			isa = XCBuildConfiguration;
			baseConfigurationReference = 9B614A2A60AC0B08E5469D2F /* Pods-AuthWithFirebase.debug.xcconfig */;
			buildSettings = {
				ASSETCATALOG_COMPILER_APPICON_NAME = AppIcon;
				ASSETCATALOG_COMPILER_GLOBAL_ACCENT_COLOR_NAME = AccentColor;
				CODE_SIGN_STYLE = Automatic;
				DEVELOPMENT_TEAM = R242LK7DMS;
				INFOPLIST_FILE = AuthWithFirebase/Info.plist;
				LD_RUNPATH_SEARCH_PATHS = (
					"$(inherited)",
					"@executable_path/Frameworks",
				);
				PRODUCT_BUNDLE_IDENTIFIER = ArtemBazhanov.AuthWithFirebase;
				PRODUCT_NAME = "$(TARGET_NAME)";
				SWIFT_VERSION = 5.0;
				TARGETED_DEVICE_FAMILY = "1,2";
			};
			name = Debug;
		};
		FA0DE1BE259DA630006C7F78 /* Release */ = {
			isa = XCBuildConfiguration;
			baseConfigurationReference = CD73F7219E0099B1BEC00C8A /* Pods-AuthWithFirebase.release.xcconfig */;
			buildSettings = {
				ASSETCATALOG_COMPILER_APPICON_NAME = AppIcon;
				ASSETCATALOG_COMPILER_GLOBAL_ACCENT_COLOR_NAME = AccentColor;
				CODE_SIGN_STYLE = Automatic;
				DEVELOPMENT_TEAM = R242LK7DMS;
				INFOPLIST_FILE = AuthWithFirebase/Info.plist;
				LD_RUNPATH_SEARCH_PATHS = (
					"$(inherited)",
					"@executable_path/Frameworks",
				);
				PRODUCT_BUNDLE_IDENTIFIER = ArtemBazhanov.AuthWithFirebase;
				PRODUCT_NAME = "$(TARGET_NAME)";
				SWIFT_VERSION = 5.0;
				TARGETED_DEVICE_FAMILY = "1,2";
			};
			name = Release;
		};
		FA0DE1C0259DA630006C7F78 /* Debug */ = {
			isa = XCBuildConfiguration;
			baseConfigurationReference = 0982FB91F125E284A79D45D3 /* Pods-AuthWithFirebaseTests.debug.xcconfig */;
			buildSettings = {
				ALWAYS_EMBED_SWIFT_STANDARD_LIBRARIES = YES;
				BUNDLE_LOADER = "$(TEST_HOST)";
				CODE_SIGN_STYLE = Automatic;
				DEVELOPMENT_TEAM = R242LK7DMS;
				INFOPLIST_FILE = AuthWithFirebaseTests/Info.plist;
				IPHONEOS_DEPLOYMENT_TARGET = 14.2;
				LD_RUNPATH_SEARCH_PATHS = (
					"$(inherited)",
					"@executable_path/Frameworks",
					"@loader_path/Frameworks",
				);
				PRODUCT_BUNDLE_IDENTIFIER = ArtemBazhanov.AuthWithFirebaseTests;
				PRODUCT_NAME = "$(TARGET_NAME)";
				SWIFT_VERSION = 5.0;
				TARGETED_DEVICE_FAMILY = "1,2";
				TEST_HOST = "$(BUILT_PRODUCTS_DIR)/AuthWithFirebase.app/AuthWithFirebase";
			};
			name = Debug;
		};
		FA0DE1C1259DA630006C7F78 /* Release */ = {
			isa = XCBuildConfiguration;
			baseConfigurationReference = BD62DB0CC3293012BDCFED8F /* Pods-AuthWithFirebaseTests.release.xcconfig */;
			buildSettings = {
				ALWAYS_EMBED_SWIFT_STANDARD_LIBRARIES = YES;
				BUNDLE_LOADER = "$(TEST_HOST)";
				CODE_SIGN_STYLE = Automatic;
				DEVELOPMENT_TEAM = R242LK7DMS;
				INFOPLIST_FILE = AuthWithFirebaseTests/Info.plist;
				IPHONEOS_DEPLOYMENT_TARGET = 14.2;
				LD_RUNPATH_SEARCH_PATHS = (
					"$(inherited)",
					"@executable_path/Frameworks",
					"@loader_path/Frameworks",
				);
				PRODUCT_BUNDLE_IDENTIFIER = ArtemBazhanov.AuthWithFirebaseTests;
				PRODUCT_NAME = "$(TARGET_NAME)";
				SWIFT_VERSION = 5.0;
				TARGETED_DEVICE_FAMILY = "1,2";
				TEST_HOST = "$(BUILT_PRODUCTS_DIR)/AuthWithFirebase.app/AuthWithFirebase";
			};
			name = Release;
		};
		FA0DE1C3259DA630006C7F78 /* Debug */ = {
			isa = XCBuildConfiguration;
			baseConfigurationReference = A2656044DC0EDEA7D8C54BF2 /* Pods-AuthWithFirebase-AuthWithFirebaseUITests.debug.xcconfig */;
			buildSettings = {
				ALWAYS_EMBED_SWIFT_STANDARD_LIBRARIES = YES;
				CODE_SIGN_STYLE = Automatic;
				DEVELOPMENT_TEAM = R242LK7DMS;
				INFOPLIST_FILE = AuthWithFirebaseUITests/Info.plist;
				LD_RUNPATH_SEARCH_PATHS = (
					"$(inherited)",
					"@executable_path/Frameworks",
					"@loader_path/Frameworks",
				);
				PRODUCT_BUNDLE_IDENTIFIER = ArtemBazhanov.AuthWithFirebaseUITests;
				PRODUCT_NAME = "$(TARGET_NAME)";
				SWIFT_VERSION = 5.0;
				TARGETED_DEVICE_FAMILY = "1,2";
				TEST_TARGET_NAME = AuthWithFirebase;
			};
			name = Debug;
		};
		FA0DE1C4259DA630006C7F78 /* Release */ = {
			isa = XCBuildConfiguration;
			baseConfigurationReference = 27C04FA4F16DAEC519661306 /* Pods-AuthWithFirebase-AuthWithFirebaseUITests.release.xcconfig */;
			buildSettings = {
				ALWAYS_EMBED_SWIFT_STANDARD_LIBRARIES = YES;
				CODE_SIGN_STYLE = Automatic;
				DEVELOPMENT_TEAM = R242LK7DMS;
				INFOPLIST_FILE = AuthWithFirebaseUITests/Info.plist;
				LD_RUNPATH_SEARCH_PATHS = (
					"$(inherited)",
					"@executable_path/Frameworks",
					"@loader_path/Frameworks",
				);
				PRODUCT_BUNDLE_IDENTIFIER = ArtemBazhanov.AuthWithFirebaseUITests;
				PRODUCT_NAME = "$(TARGET_NAME)";
				SWIFT_VERSION = 5.0;
				TARGETED_DEVICE_FAMILY = "1,2";
				TEST_TARGET_NAME = AuthWithFirebase;
			};
			name = Release;
		};
/* End XCBuildConfiguration section */

/* Begin XCConfigurationList section */
		FA0DE18D259DA62D006C7F78 /* Build configuration list for PBXProject "AuthWithFirebase" */ = {
			isa = XCConfigurationList;
			buildConfigurations = (
				FA0DE1BA259DA630006C7F78 /* Debug */,
				FA0DE1BB259DA630006C7F78 /* Release */,
			);
			defaultConfigurationIsVisible = 0;
			defaultConfigurationName = Release;
		};
		FA0DE1BC259DA630006C7F78 /* Build configuration list for PBXNativeTarget "AuthWithFirebase" */ = {
			isa = XCConfigurationList;
			buildConfigurations = (
				FA0DE1BD259DA630006C7F78 /* Debug */,
				FA0DE1BE259DA630006C7F78 /* Release */,
			);
			defaultConfigurationIsVisible = 0;
			defaultConfigurationName = Release;
		};
		FA0DE1BF259DA630006C7F78 /* Build configuration list for PBXNativeTarget "AuthWithFirebaseTests" */ = {
			isa = XCConfigurationList;
			buildConfigurations = (
				FA0DE1C0259DA630006C7F78 /* Debug */,
				FA0DE1C1259DA630006C7F78 /* Release */,
			);
			defaultConfigurationIsVisible = 0;
			defaultConfigurationName = Release;
		};
		FA0DE1C2259DA630006C7F78 /* Build configuration list for PBXNativeTarget "AuthWithFirebaseUITests" */ = {
			isa = XCConfigurationList;
			buildConfigurations = (
				FA0DE1C3259DA630006C7F78 /* Debug */,
				FA0DE1C4259DA630006C7F78 /* Release */,
			);
			defaultConfigurationIsVisible = 0;
			defaultConfigurationName = Release;
		};
/* End XCConfigurationList section */
	};
	rootObject = FA0DE18A259DA62D006C7F78 /* Project object */;
}
